
Microsoft Visual Studio Solution File, Format Version 12.00
# Visual Studio Version 17
VisualStudioVersion = 17.0.32112.339
MinimumVisualStudioVersion = 10.0.40219.1
Project("{9A19103F-16F7-4668-BE54-9A1E7A4F7556}") = "RenameFiles", "RenameFiles.csproj", "{B1A8721B-2B9B-4471-B33E-B1395FBE21C1}"
EndProject
Project("{2150E333-8FDC-42A3-9474-1A3956D46DE8}") = "Solution Items", "Solution Items", "{4D3F9D5D-F51A-4A1D-BA3B-B66AA6CBF2AB}"
	ProjectSection(SolutionItems) = preProject
		.editorconfig = .editorconfig
	EndProjectSection
EndProject
Global
	GlobalSection(SolutionConfigurationPlatforms) = preSolution
		Debug|Any CPU = Debug|Any CPU
		Release|Any CPU = Release|Any CPU
	EndGlobalSection
	GlobalSection(ProjectConfigurationPlatforms) = postSolution
		{B1A8721B-2B9B-4471-B33E-B1395FBE21C1}.Debug|Any CPU.ActiveCfg = Debug|Any CPU
		{B1A8721B-2B9B-4471-B33E-B1395FBE21C1}.Debug|Any CPU.Build.0 = Debug|Any CPU
		{B1A8721B-2B9B-4471-B33E-B1395FBE21C1}.Release|Any CPU.ActiveCfg = Release|Any CPU
		{B1A8721B-2B9B-4471-B33E-B1395FBE21C1}.Release|Any CPU.Build.0 = Release|Any CPU
	EndGlobalSection
	GlobalSection(SolutionProperties) = preSolution
		HideSolutionNode = FALSE
	EndGlobalSection
	GlobalSection(ExtensibilityGlobals) = postSolution
		SolutionGuid = {CB0C3996-6BCB-4F60-A663-0343416F7BC5}
	EndGlobalSection
EndGlobal
